{
  "requires": true,
  "lockfileVersion": 1,
  "dependencies": {
    "@angular/animations": {
      "version": "12.2.8",
      "resolved": "https://registry.npmjs.org/@angular/animations/-/animations-12.2.8.tgz",
      "integrity": "sha512-uRK3EIIFMMIGBMIZscKt9p+H6lzuGXm+zokj5aZsB4Pu+rz8sc/Uxn26lTzq6o5GApiL4I75inK4Vs5f5RZKnA==",
      "requires": {
        "tslib": "^2.2.0"
      }
    },
    "@angular/cdk": {
      "version": "12.2.8",
      "resolved": "https://registry.npmjs.org/@angular/cdk/-/cdk-12.2.8.tgz",
      "integrity": "sha512-M0Y61o0yEVLMg+DSNsaDgiOifAV6OdumTgt2/kNoSuauPRWS0bkZJE58k3LR+cPi1Cho3UXELMKMOXZN9AhofA==",
      "requires": {
        "parse5": "^5.0.0",
        "tslib": "^2.2.0"
      }
    },
    "@angular/material": {
      "version": "12.2.8",
      "resolved": "https://registry.npmjs.org/@angular/material/-/material-12.2.8.tgz",
      "integrity": "sha512-wRTaTZIGC9+2e8aft44V9Qqwp3PsR9AG0FeJ0spl8mdOlYEqMMyoRXjvMiWIjo2ywxHLoQgLXXsWn3ip2xnnVg==",
      "requires": {
        "tslib": "^2.2.0"
      }
    },
    "parse5": {
      "version": "5.1.1",
      "resolved": "https://registry.npmjs.org/parse5/-/parse5-5.1.1.tgz",
      "integrity": "sha512-ugq4DFI0Ptb+WWjAdOK16+u/nHfiIrcE+sh8kZMaM0WllQKLI9rOUq6c2b7cwPkXdzfQESqvoqK6ug7U/Yyzug==",
      "optional": true
    },
    "tslib": {
      "version": "2.3.1",
      "resolved": "https://registry.npmjs.org/tslib/-/tslib-2.3.1.tgz",
      "integrity": "sha512-77EbyPPpMz+FRFRuAFlWMtmgUWGe9UOG2Z25NqCwiIjRhOf5iKGuzSe5P2w1laq+FkRy4p+PCuVkJSGkzTEKVw=="
    }
  }
}
